
Microsoft Visual Studio Solution File, Format Version 12.00
# Visual Studio Version 17
VisualStudioVersion = 17.3.32929.385
MinimumVisualStudioVersion = 10.0.40219.1
Project("{FAE04EC0-301F-11D3-BF4B-00C04F79EFBC}") = "raccoon legion bot", "raccoon legion bot\raccoon legion bot.csproj", "{A9B45FD2-9804-4AF4-861C-1BF7BD0AD690}"
EndProject
Project("{FAE04EC0-301F-11D3-BF4B-00C04F79EFBC}") = "RaccoonLegionBotTests", "RaccoonLegionBotTests\RaccoonLegionBotTests.csproj", "{1533AD2A-CBDA-4912-968F-77B04A9F3199}"
EndProject
Global
	GlobalSection(SolutionConfigurationPlatforms) = preSolution
		Debug|Any CPU = Debug|Any CPU
		Release|Any CPU = Release|Any CPU
	EndGlobalSection
	GlobalSection(ProjectConfigurationPlatforms) = postSolution
		{A9B45FD2-9804-4AF4-861C-1BF7BD0AD690}.Debug|Any CPU.ActiveCfg = Debug|Any CPU
		{A9B45FD2-9804-4AF4-861C-1BF7BD0AD690}.Debug|Any CPU.Build.0 = Debug|Any CPU
		{A9B45FD2-9804-4AF4-861C-1BF7BD0AD690}.Release|Any CPU.ActiveCfg = Release|Any CPU
		{A9B45FD2-9804-4AF4-861C-1BF7BD0AD690}.Release|Any CPU.Build.0 = Release|Any CPU
		{1533AD2A-CBDA-4912-968F-77B04A9F3199}.Debug|Any CPU.ActiveCfg = Debug|Any CPU
		{1533AD2A-CBDA-4912-968F-77B04A9F3199}.Debug|Any CPU.Build.0 = Debug|Any CPU
		{1533AD2A-CBDA-4912-968F-77B04A9F3199}.Release|Any CPU.ActiveCfg = Release|Any CPU
		{1533AD2A-CBDA-4912-968F-77B04A9F3199}.Release|Any CPU.Build.0 = Release|Any CPU
	EndGlobalSection
	GlobalSection(SolutionProperties) = preSolution
		HideSolutionNode = FALSE
	EndGlobalSection
	GlobalSection(ExtensibilityGlobals) = postSolution
		SolutionGuid = {948D027C-112A-41D5-924E-1D7BBA45179F}
	EndGlobalSection
EndGlobal
